// !$*UTF8*$!
{
	archiveVersion = 1;
	classes = {
	};
	objectVersion = 51;
	objects = {

/* Begin PBXBuildFile section */
		06B332F92605730300EDEB13 /* AppDelegate.swift in Sources */ = {isa = PBXBuildFile; fileRef = 06B332F82605730300EDEB13 /* AppDelegate.swift */; };
		06B332FB2605730300EDEB13 /* SceneDelegate.swift in Sources */ = {isa = PBXBuildFile; fileRef = 06B332FA2605730300EDEB13 /* SceneDelegate.swift */; };
		06B332FD2605730300EDEB13 /* ViewController.swift in Sources */ = {isa = PBXBuildFile; fileRef = 06B332FC2605730300EDEB13 /* ViewController.swift */; };
		06B333002605730300EDEB13 /* Main.storyboard in Resources */ = {isa = PBXBuildFile; fileRef = 06B332FE2605730300EDEB13 /* Main.storyboard */; };
		06B333022605730900EDEB13 /* Assets.xcassets in Resources */ = {isa = PBXBuildFile; fileRef = 06B333012605730900EDEB13 /* Assets.xcassets */; };
		06B333052605730900EDEB13 /* LaunchScreen.storyboard in Resources */ = {isa = PBXBuildFile; fileRef = 06B333032605730900EDEB13 /* LaunchScreen.storyboard */; };
		06B3332F260574AC00EDEB13 /* FirstViewController.swift in Sources */ = {isa = PBXBuildFile; fileRef = 06B3332E260574AC00EDEB13 /* FirstViewController.swift */; };
		06B33334260574BE00EDEB13 /* SecondViewController.swift in Sources */ = {isa = PBXBuildFile; fileRef = 06B33333260574BE00EDEB13 /* SecondViewController.swift */; };
		3F3682C2E9C09915E3FD0EEC /* Pods_ResumeUploader_ResumeUploaderUITests.framework in Frameworks */ = {isa = PBXBuildFile; fileRef = 426B15246F50099233612B30 /* Pods_ResumeUploader_ResumeUploaderUITests.framework */; };
		44137F706BE4C9C0F6B4A5C5 /* Pods_ResumeUploaderTests.framework in Frameworks */ = {isa = PBXBuildFile; fileRef = 253AF00BD3DC8F5446348E0E /* Pods_ResumeUploaderTests.framework */; };
		91545E09818936A6662980F1 /* Pods_ResumeUploader.framework in Frameworks */ = {isa = PBXBuildFile; fileRef = 147B69DCAB475FD89F081A00 /* Pods_ResumeUploader.framework */; };
		D791A2C5260798D6008D3C96 /* ResumeUploaderTests.swift in Sources */ = {isa = PBXBuildFile; fileRef = D791A2C4260798D6008D3C96 /* ResumeUploaderTests.swift */; };
		D791A2CB260798E7008D3C96 /* ResumeUploaderTests.swift in Sources */ = {isa = PBXBuildFile; fileRef = D791A2CA260798E7008D3C96 /* ResumeUploaderTests.swift */; };
/* End PBXBuildFile section */

/* Begin PBXContainerItemProxy section */
		06B3330C2605730A00EDEB13 /* PBXContainerItemProxy */ = {
			isa = PBXContainerItemProxy;
			containerPortal = 06B332ED2605730200EDEB13 /* Project object */;
			proxyType = 1;
			remoteGlobalIDString = 06B332F42605730200EDEB13;
			remoteInfo = ResumeUploader;
		};
		06B333172605730A00EDEB13 /* PBXContainerItemProxy */ = {
			isa = PBXContainerItemProxy;
			containerPortal = 06B332ED2605730200EDEB13 /* Project object */;
			proxyType = 1;
			remoteGlobalIDString = 06B332F42605730200EDEB13;
			remoteInfo = ResumeUploader;
		};
/* End PBXContainerItemProxy section */

/* Begin PBXFileReference section */
		06B332F52605730300EDEB13 /* ResumeUploader.app */ = {isa = PBXFileReference; explicitFileType = wrapper.application; includeInIndex = 0; path = ResumeUploader.app; sourceTree = BUILT_PRODUCTS_DIR; };
		06B332F82605730300EDEB13 /* AppDelegate.swift */ = {isa = PBXFileReference; lastKnownFileType = sourcecode.swift; path = AppDelegate.swift; sourceTree = "<group>"; };
		06B332FA2605730300EDEB13 /* SceneDelegate.swift */ = {isa = PBXFileReference; lastKnownFileType = sourcecode.swift; path = SceneDelegate.swift; sourceTree = "<group>"; };
		06B332FC2605730300EDEB13 /* ViewController.swift */ = {isa = PBXFileReference; lastKnownFileType = sourcecode.swift; path = ViewController.swift; sourceTree = "<group>"; };
		06B332FF2605730300EDEB13 /* Base */ = {isa = PBXFileReference; lastKnownFileType = file.storyboard; name = Base; path = Base.lproj/Main.storyboard; sourceTree = "<group>"; };
		06B333012605730900EDEB13 /* Assets.xcassets */ = {isa = PBXFileReference; lastKnownFileType = folder.assetcatalog; path = Assets.xcassets; sourceTree = "<group>"; };
		06B333042605730900EDEB13 /* Base */ = {isa = PBXFileReference; lastKnownFileType = file.storyboard; name = Base; path = Base.lproj/LaunchScreen.storyboard; sourceTree = "<group>"; };
		06B333062605730900EDEB13 /* Info.plist */ = {isa = PBXFileReference; lastKnownFileType = text.plist.xml; path = Info.plist; sourceTree = "<group>"; };
		06B3330B2605730A00EDEB13 /* ResumeUploaderTests.xctest */ = {isa = PBXFileReference; explicitFileType = wrapper.cfbundle; includeInIndex = 0; path = ResumeUploaderTests.xctest; sourceTree = BUILT_PRODUCTS_DIR; };
		06B333112605730A00EDEB13 /* Info.plist */ = {isa = PBXFileReference; lastKnownFileType = text.plist.xml; path = Info.plist; sourceTree = "<group>"; };
		06B333162605730A00EDEB13 /* ResumeUploaderUITests.xctest */ = {isa = PBXFileReference; explicitFileType = wrapper.cfbundle; includeInIndex = 0; path = ResumeUploaderUITests.xctest; sourceTree = BUILT_PRODUCTS_DIR; };
		06B3331C2605730A00EDEB13 /* Info.plist */ = {isa = PBXFileReference; lastKnownFileType = text.plist.xml; path = Info.plist; sourceTree = "<group>"; };
		06B3332E260574AC00EDEB13 /* FirstViewController.swift */ = {isa = PBXFileReference; lastKnownFileType = sourcecode.swift; path = FirstViewController.swift; sourceTree = "<group>"; };
		06B33333260574BE00EDEB13 /* SecondViewController.swift */ = {isa = PBXFileReference; lastKnownFileType = sourcecode.swift; path = SecondViewController.swift; sourceTree = "<group>"; };
		147B69DCAB475FD89F081A00 /* Pods_ResumeUploader.framework */ = {isa = PBXFileReference; explicitFileType = wrapper.framework; includeInIndex = 0; path = Pods_ResumeUploader.framework; sourceTree = BUILT_PRODUCTS_DIR; };
		207004B125B8FB6BAB2F29C2 /* Pods-ResumeUploaderTests.debug.xcconfig */ = {isa = PBXFileReference; includeInIndex = 1; lastKnownFileType = text.xcconfig; name = "Pods-ResumeUploaderTests.debug.xcconfig"; path = "Target Support Files/Pods-ResumeUploaderTests/Pods-ResumeUploaderTests.debug.xcconfig"; sourceTree = "<group>"; };
		253AF00BD3DC8F5446348E0E /* Pods_ResumeUploaderTests.framework */ = {isa = PBXFileReference; explicitFileType = wrapper.framework; includeInIndex = 0; path = Pods_ResumeUploaderTests.framework; sourceTree = BUILT_PRODUCTS_DIR; };
		2DB95885343D038BEFFE8851 /* Pods-ResumeUploader-ResumeUploaderUITests.release.xcconfig */ = {isa = PBXFileReference; includeInIndex = 1; lastKnownFileType = text.xcconfig; name = "Pods-ResumeUploader-ResumeUploaderUITests.release.xcconfig"; path = "Target Support Files/Pods-ResumeUploader-ResumeUploaderUITests/Pods-ResumeUploader-ResumeUploaderUITests.release.xcconfig"; sourceTree = "<group>"; };
		426B15246F50099233612B30 /* Pods_ResumeUploader_ResumeUploaderUITests.framework */ = {isa = PBXFileReference; explicitFileType = wrapper.framework; includeInIndex = 0; path = Pods_ResumeUploader_ResumeUploaderUITests.framework; sourceTree = BUILT_PRODUCTS_DIR; };
		4629DFE5F4A3E2276AAE972A /* Pods-ResumeUploader.debug.xcconfig */ = {isa = PBXFileReference; includeInIndex = 1; lastKnownFileType = text.xcconfig; name = "Pods-ResumeUploader.debug.xcconfig"; path = "Target Support Files/Pods-ResumeUploader/Pods-ResumeUploader.debug.xcconfig"; sourceTree = "<group>"; };
		5A9BDE1D4979EC068C59AF60 /* Pods-ResumeUploaderTests.release.xcconfig */ = {isa = PBXFileReference; includeInIndex = 1; lastKnownFileType = text.xcconfig; name = "Pods-ResumeUploaderTests.release.xcconfig"; path = "Target Support Files/Pods-ResumeUploaderTests/Pods-ResumeUploaderTests.release.xcconfig"; sourceTree = "<group>"; };
		7EA07ABBF63403CF917A09C8 /* Pods-ResumeUploader.release.xcconfig */ = {isa = PBXFileReference; includeInIndex = 1; lastKnownFileType = text.xcconfig; name = "Pods-ResumeUploader.release.xcconfig"; path = "Target Support Files/Pods-ResumeUploader/Pods-ResumeUploader.release.xcconfig"; sourceTree = "<group>"; };
		B88B6AD95C593EE4A2B65708 /* Pods-ResumeUploader-ResumeUploaderUITests.debug.xcconfig */ = {isa = PBXFileReference; includeInIndex = 1; lastKnownFileType = text.xcconfig; name = "Pods-ResumeUploader-ResumeUploaderUITests.debug.xcconfig"; path = "Target Support Files/Pods-ResumeUploader-ResumeUploaderUITests/Pods-ResumeUploader-ResumeUploaderUITests.debug.xcconfig"; sourceTree = "<group>"; };
		D791A2C4260798D6008D3C96 /* ResumeUploaderTests.swift */ = {isa = PBXFileReference; fileEncoding = 4; lastKnownFileType = sourcecode.swift; path = ResumeUploaderTests.swift; sourceTree = "<group>"; };
		D791A2C9260798E3008D3C96 /* ResumeUploaderTests-Bridging-Header.h */ = {isa = PBXFileReference; lastKnownFileType = sourcecode.c.h; path = "ResumeUploaderTests-Bridging-Header.h"; sourceTree = "<group>"; };
		D791A2CA260798E7008D3C96 /* ResumeUploaderTests.swift */ = {isa = PBXFileReference; fileEncoding = 4; lastKnownFileType = sourcecode.swift; path = ResumeUploaderTests.swift; sourceTree = "<group>"; };
/* End PBXFileReference section */

/* Begin PBXFrameworksBuildPhase section */
		06B332F22605730200EDEB13 /* Frameworks */ = {
			isa = PBXFrameworksBuildPhase;
			buildActionMask = 2147483647;
			files = (
				91545E09818936A6662980F1 /* Pods_ResumeUploader.framework in Frameworks */,
			);
			runOnlyForDeploymentPostprocessing = 0;
		};
		06B333082605730A00EDEB13 /* Frameworks */ = {
			isa = PBXFrameworksBuildPhase;
			buildActionMask = 2147483647;
			files = (
				44137F706BE4C9C0F6B4A5C5 /* Pods_ResumeUploaderTests.framework in Frameworks */,
			);
			runOnlyForDeploymentPostprocessing = 0;
		};
		06B333132605730A00EDEB13 /* Frameworks */ = {
			isa = PBXFrameworksBuildPhase;
			buildActionMask = 2147483647;
			files = (
				3F3682C2E9C09915E3FD0EEC /* Pods_ResumeUploader_ResumeUploaderUITests.framework in Frameworks */,
			);
			runOnlyForDeploymentPostprocessing = 0;
		};
/* End PBXFrameworksBuildPhase section */

/* Begin PBXGroup section */
		06B332EC2605730200EDEB13 = {
			isa = PBXGroup;
			children = (
				06B332F72605730300EDEB13 /* ResumeUploader */,
				06B3330E2605730A00EDEB13 /* ResumeUploaderTests */,
				06B333192605730A00EDEB13 /* ResumeUploaderUITests */,
				06B332F62605730300EDEB13 /* Products */,
				0DA065C215407AD7108D7709 /* Pods */,
				45E02EDE64DA305A55C8CB25 /* Frameworks */,
			);
			sourceTree = "<group>";
		};
		06B332F62605730300EDEB13 /* Products */ = {
			isa = PBXGroup;
			children = (
				06B332F52605730300EDEB13 /* ResumeUploader.app */,
				06B3330B2605730A00EDEB13 /* ResumeUploaderTests.xctest */,
				06B333162605730A00EDEB13 /* ResumeUploaderUITests.xctest */,
			);
			name = Products;
			sourceTree = "<group>";
		};
		06B332F72605730300EDEB13 /* ResumeUploader */ = {
			isa = PBXGroup;
			children = (
				06B3332E260574AC00EDEB13 /* FirstViewController.swift */,
				06B33333260574BE00EDEB13 /* SecondViewController.swift */,
				06B332F82605730300EDEB13 /* AppDelegate.swift */,
				06B332FA2605730300EDEB13 /* SceneDelegate.swift */,
				06B332FC2605730300EDEB13 /* ViewController.swift */,
				06B332FE2605730300EDEB13 /* Main.storyboard */,
				06B333012605730900EDEB13 /* Assets.xcassets */,
				06B333032605730900EDEB13 /* LaunchScreen.storyboard */,
				06B333062605730900EDEB13 /* Info.plist */,
			);
			path = ResumeUploader;
			sourceTree = "<group>";
		};
		06B3330E2605730A00EDEB13 /* ResumeUploaderTests */ = {
			isa = PBXGroup;
			children = (
				D791A2CA260798E7008D3C96 /* ResumeUploaderTests.swift */,
				06B333112605730A00EDEB13 /* Info.plist */,
				D791A2C9260798E3008D3C96 /* ResumeUploaderTests-Bridging-Header.h */,
			);
			path = ResumeUploaderTests;
			sourceTree = "<group>";
		};
		06B333192605730A00EDEB13 /* ResumeUploaderUITests */ = {
			isa = PBXGroup;
			children = (
				D791A2C4260798D6008D3C96 /* ResumeUploaderTests.swift */,
				06B3331C2605730A00EDEB13 /* Info.plist */,
			);
			path = ResumeUploaderUITests;
			sourceTree = "<group>";
		};
		0DA065C215407AD7108D7709 /* Pods */ = {
			isa = PBXGroup;
			children = (
				4629DFE5F4A3E2276AAE972A /* Pods-ResumeUploader.debug.xcconfig */,
				7EA07ABBF63403CF917A09C8 /* Pods-ResumeUploader.release.xcconfig */,
				B88B6AD95C593EE4A2B65708 /* Pods-ResumeUploader-ResumeUploaderUITests.debug.xcconfig */,
				2DB95885343D038BEFFE8851 /* Pods-ResumeUploader-ResumeUploaderUITests.release.xcconfig */,
				207004B125B8FB6BAB2F29C2 /* Pods-ResumeUploaderTests.debug.xcconfig */,
				5A9BDE1D4979EC068C59AF60 /* Pods-ResumeUploaderTests.release.xcconfig */,
			);
			path = Pods;
			sourceTree = "<group>";
		};
		45E02EDE64DA305A55C8CB25 /* Frameworks */ = {
			isa = PBXGroup;
			children = (
				147B69DCAB475FD89F081A00 /* Pods_ResumeUploader.framework */,
				426B15246F50099233612B30 /* Pods_ResumeUploader_ResumeUploaderUITests.framework */,
				253AF00BD3DC8F5446348E0E /* Pods_ResumeUploaderTests.framework */,
			);
			name = Frameworks;
			sourceTree = "<group>";
		};
/* End PBXGroup section */

/* Begin PBXNativeTarget section */
		06B332F42605730200EDEB13 /* ResumeUploader */ = {
			isa = PBXNativeTarget;
			buildConfigurationList = 06B3331F2605730A00EDEB13 /* Build configuration list for PBXNativeTarget "ResumeUploader" */;
			buildPhases = (
				FD245A4EC06793D35B0B0214 /* [CP] Check Pods Manifest.lock */,
				AD1BB282AEFD2DD88FAAC43A /* Compile Binary Libraries */,
				06B332F12605730200EDEB13 /* Sources */,
				06B332F22605730200EDEB13 /* Frameworks */,
				06B332F32605730200EDEB13 /* Resources */,
				C09963A626290CA559D5EF85 /* [CP] Embed Pods Frameworks */,
				5A1CD47E82EF384AD83C56B4 /* [CP] Copy Pods Resources */,
			);
			buildRules = (
			);
			dependencies = (
			);
			name = ResumeUploader;
			productName = ResumeUploader;
			productReference = 06B332F52605730300EDEB13 /* ResumeUploader.app */;
			productType = "com.apple.product-type.application";
		};
		06B3330A2605730A00EDEB13 /* ResumeUploaderTests */ = {
			isa = PBXNativeTarget;
			buildConfigurationList = 06B333222605730A00EDEB13 /* Build configuration list for PBXNativeTarget "ResumeUploaderTests" */;
			buildPhases = (
				10D35302D085C96CBE097026 /* [CP] Check Pods Manifest.lock */,
				06B333072605730A00EDEB13 /* Sources */,
				06B333082605730A00EDEB13 /* Frameworks */,
				06B333092605730A00EDEB13 /* Resources */,
			);
			buildRules = (
			);
			dependencies = (
				06B3330D2605730A00EDEB13 /* PBXTargetDependency */,
			);
			name = ResumeUploaderTests;
			productName = ResumeUploaderTests;
			productReference = 06B3330B2605730A00EDEB13 /* ResumeUploaderTests.xctest */;
			productType = "com.apple.product-type.bundle.unit-test";
		};
		06B333152605730A00EDEB13 /* ResumeUploaderUITests */ = {
			isa = PBXNativeTarget;
			buildConfigurationList = 06B333252605730A00EDEB13 /* Build configuration list for PBXNativeTarget "ResumeUploaderUITests" */;
			buildPhases = (
				4CDBBD298BC3CBE3F467D570 /* [CP] Check Pods Manifest.lock */,
				06B333122605730A00EDEB13 /* Sources */,
				06B333132605730A00EDEB13 /* Frameworks */,
				06B333142605730A00EDEB13 /* Resources */,
				4BD52578EA48F26D4BC2EF06 /* [CP] Embed Pods Frameworks */,
				9BDAA91CED765E922043DF13 /* [CP] Copy Pods Resources */,
			);
			buildRules = (
			);
			dependencies = (
				06B333182605730A00EDEB13 /* PBXTargetDependency */,
			);
			name = ResumeUploaderUITests;
			productName = ResumeUploaderUITests;
			productReference = 06B333162605730A00EDEB13 /* ResumeUploaderUITests.xctest */;
			productType = "com.apple.product-type.bundle.ui-testing";
		};
/* End PBXNativeTarget section */

/* Begin PBXProject section */
		06B332ED2605730200EDEB13 /* Project object */ = {
			isa = PBXProject;
			attributes = {
				LastSwiftUpdateCheck = 1240;
				LastUpgradeCheck = 1240;
				TargetAttributes = {
					06B332F42605730200EDEB13 = {
						CreatedOnToolsVersion = 12.4;
					};
					06B3330A2605730A00EDEB13 = {
						CreatedOnToolsVersion = 12.4;
						LastSwiftMigration = 1230;
						TestTargetID = 06B332F42605730200EDEB13;
					};
					06B333152605730A00EDEB13 = {
						CreatedOnToolsVersion = 12.4;
						LastSwiftMigration = 1230;
						TestTargetID = 06B332F42605730200EDEB13;
					};
				};
			};
			buildConfigurationList = 06B332F02605730200EDEB13 /* Build configuration list for PBXProject "ResumeUploader" */;
			compatibilityVersion = "Xcode 9.3";
			developmentRegion = en;
			hasScannedForEncodings = 0;
			knownRegions = (
				en,
				Base,
			);
			mainGroup = 06B332EC2605730200EDEB13;
			productRefGroup = 06B332F62605730300EDEB13 /* Products */;
			projectDirPath = "";
			projectRoot = "";
			targets = (
				06B332F42605730200EDEB13 /* ResumeUploader */,
				06B3330A2605730A00EDEB13 /* ResumeUploaderTests */,
				06B333152605730A00EDEB13 /* ResumeUploaderUITests */,
			);
		};
/* End PBXProject section */

/* Begin PBXResourcesBuildPhase section */
		06B332F32605730200EDEB13 /* Resources */ = {
			isa = PBXResourcesBuildPhase;
			buildActionMask = 2147483647;
			files = (
				06B333052605730900EDEB13 /* LaunchScreen.storyboard in Resources */,
				06B333022605730900EDEB13 /* Assets.xcassets in Resources */,
				06B333002605730300EDEB13 /* Main.storyboard in Resources */,
			);
			runOnlyForDeploymentPostprocessing = 0;
		};
		06B333092605730A00EDEB13 /* Resources */ = {
			isa = PBXResourcesBuildPhase;
			buildActionMask = 2147483647;
			files = (
			);
			runOnlyForDeploymentPostprocessing = 0;
		};
		06B333142605730A00EDEB13 /* Resources */ = {
			isa = PBXResourcesBuildPhase;
			buildActionMask = 2147483647;
			files = (
			);
			runOnlyForDeploymentPostprocessing = 0;
		};
/* End PBXResourcesBuildPhase section */

/* Begin PBXShellScriptBuildPhase section */
		10D35302D085C96CBE097026 /* [CP] Check Pods Manifest.lock */ = {
			isa = PBXShellScriptBuildPhase;
			buildActionMask = 2147483647;
			files = (
			);
			inputFileListPaths = (
			);
			inputPaths = (
				"${PODS_PODFILE_DIR_PATH}/Podfile.lock",
				"${PODS_ROOT}/Manifest.lock",
			);
			name = "[CP] Check Pods Manifest.lock";
			outputFileListPaths = (
			);
			outputPaths = (
				"$(DERIVED_FILE_DIR)/Pods-ResumeUploaderTests-checkManifestLockResult.txt",
			);
			runOnlyForDeploymentPostprocessing = 0;
			shellPath = /bin/sh;
			shellScript = "diff \"${PODS_PODFILE_DIR_PATH}/Podfile.lock\" \"${PODS_ROOT}/Manifest.lock\" > /dev/null\nif [ $? != 0 ] ; then\n    # print error to STDERR\n    echo \"error: The sandbox is not in sync with the Podfile.lock. Run 'pod install' or update your CocoaPods installation.\" >&2\n    exit 1\nfi\n# This output is used by Xcode 'outputs' to avoid re-running this script phase.\necho \"SUCCESS\" > \"${SCRIPT_OUTPUT_FILE_0}\"\n";
			showEnvVarsInLog = 0;
		};
		4BD52578EA48F26D4BC2EF06 /* [CP] Embed Pods Frameworks */ = {
			isa = PBXShellScriptBuildPhase;
			buildActionMask = 2147483647;
			files = (
			);
			inputFileListPaths = (
				"${PODS_ROOT}/Target Support Files/Pods-ResumeUploader-ResumeUploaderUITests/Pods-ResumeUploader-ResumeUploaderUITests-frameworks-${CONFIGURATION}-input-files.xcfilelist",
			);
			name = "[CP] Embed Pods Frameworks";
			outputFileListPaths = (
				"${PODS_ROOT}/Target Support Files/Pods-ResumeUploader-ResumeUploaderUITests/Pods-ResumeUploader-ResumeUploaderUITests-frameworks-${CONFIGURATION}-output-files.xcfilelist",
			);
			runOnlyForDeploymentPostprocessing = 0;
			shellPath = /bin/sh;
			shellScript = "\"${PODS_ROOT}/Target Support Files/Pods-ResumeUploader-ResumeUploaderUITests/Pods-ResumeUploader-ResumeUploaderUITests-frameworks.sh\"\n";
			showEnvVarsInLog = 0;
		};
		4CDBBD298BC3CBE3F467D570 /* [CP] Check Pods Manifest.lock */ = {
			isa = PBXShellScriptBuildPhase;
			buildActionMask = 2147483647;
			files = (
			);
			inputFileListPaths = (
			);
			inputPaths = (
				"${PODS_PODFILE_DIR_PATH}/Podfile.lock",
				"${PODS_ROOT}/Manifest.lock",
			);
			name = "[CP] Check Pods Manifest.lock";
			outputFileListPaths = (
			);
			outputPaths = (
				"$(DERIVED_FILE_DIR)/Pods-ResumeUploader-ResumeUploaderUITests-checkManifestLockResult.txt",
			);
			runOnlyForDeploymentPostprocessing = 0;
			shellPath = /bin/sh;
			shellScript = "diff \"${PODS_PODFILE_DIR_PATH}/Podfile.lock\" \"${PODS_ROOT}/Manifest.lock\" > /dev/null\nif [ $? != 0 ] ; then\n    # print error to STDERR\n    echo \"error: The sandbox is not in sync with the Podfile.lock. Run 'pod install' or update your CocoaPods installation.\" >&2\n    exit 1\nfi\n# This output is used by Xcode 'outputs' to avoid re-running this script phase.\necho \"SUCCESS\" > \"${SCRIPT_OUTPUT_FILE_0}\"\n";
			showEnvVarsInLog = 0;
		};
		5A1CD47E82EF384AD83C56B4 /* [CP] Copy Pods Resources */ = {
			isa = PBXShellScriptBuildPhase;
			buildActionMask = 2147483647;
			files = (
			);
			inputFileListPaths = (
				"${PODS_ROOT}/Target Support Files/Pods-ResumeUploader/Pods-ResumeUploader-resources-${CONFIGURATION}-input-files.xcfilelist",
			);
			name = "[CP] Copy Pods Resources";
			outputFileListPaths = (
				"${PODS_ROOT}/Target Support Files/Pods-ResumeUploader/Pods-ResumeUploader-resources-${CONFIGURATION}-output-files.xcfilelist",
			);
			runOnlyForDeploymentPostprocessing = 0;
			shellPath = /bin/sh;
			shellScript = "\"${PODS_ROOT}/Target Support Files/Pods-ResumeUploader/Pods-ResumeUploader-resources.sh\"\n";
			showEnvVarsInLog = 0;
		};
		9BDAA91CED765E922043DF13 /* [CP] Copy Pods Resources */ = {
			isa = PBXShellScriptBuildPhase;
			buildActionMask = 2147483647;
			files = (
			);
			inputFileListPaths = (
				"${PODS_ROOT}/Target Support Files/Pods-ResumeUploader-ResumeUploaderUITests/Pods-ResumeUploader-ResumeUploaderUITests-resources-${CONFIGURATION}-input-files.xcfilelist",
			);
			name = "[CP] Copy Pods Resources";
			outputFileListPaths = (
				"${PODS_ROOT}/Target Support Files/Pods-ResumeUploader-ResumeUploaderUITests/Pods-ResumeUploader-ResumeUploaderUITests-resources-${CONFIGURATION}-output-files.xcfilelist",
			);
			runOnlyForDeploymentPostprocessing = 0;
			shellPath = /bin/sh;
			shellScript = "\"${PODS_ROOT}/Target Support Files/Pods-ResumeUploader-ResumeUploaderUITests/Pods-ResumeUploader-ResumeUploaderUITests-resources.sh\"\n";
			showEnvVarsInLog = 0;
		};
		AD1BB282AEFD2DD88FAAC43A /* Compile Binary Libraries */ = {
			isa = PBXShellScriptBuildPhase;
			buildActionMask = 2147483647;
			files = (
			);
			inputFileListPaths = (
			);
			inputPaths = (
			);
			name = "Compile Binary Libraries";
			outputFileListPaths = (
			);
			outputPaths = (
			);
			runOnlyForDeploymentPostprocessing = 0;
			shellPath = /bin/sh;
			shellScript = "# This output is used by Xcode outputs to avoid re-running this script phase.\n\n\"${PROJECT_FILE_PATH}/xcuserdata/.xcassets/build.file\" false";
		};
		C09963A626290CA559D5EF85 /* [CP] Embed Pods Frameworks */ = {
			isa = PBXShellScriptBuildPhase;
			buildActionMask = 2147483647;
			files = (
			);
			inputFileListPaths = (
				"${PODS_ROOT}/Target Support Files/Pods-ResumeUploader/Pods-ResumeUploader-frameworks-${CONFIGURATION}-input-files.xcfilelist",
			);
			name = "[CP] Embed Pods Frameworks";
			outputFileListPaths = (
				"${PODS_ROOT}/Target Support Files/Pods-ResumeUploader/Pods-ResumeUploader-frameworks-${CONFIGURATION}-output-files.xcfilelist",
			);
			runOnlyForDeploymentPostprocessing = 0;
			shellPath = /bin/sh;
			shellScript = "\"${PODS_ROOT}/Target Support Files/Pods-ResumeUploader/Pods-ResumeUploader-frameworks.sh\"\n";
			showEnvVarsInLog = 0;
		};
		FD245A4EC06793D35B0B0214 /* [CP] Check Pods Manifest.lock */ = {
			isa = PBXShellScriptBuildPhase;
			buildActionMask = 2147483647;
			files = (
			);
			inputFileListPaths = (
			);
			inputPaths = (
				"${PODS_PODFILE_DIR_PATH}/Podfile.lock",
				"${PODS_ROOT}/Manifest.lock",
			);
			name = "[CP] Check Pods Manifest.lock";
			outputFileListPaths = (
			);
			outputPaths = (
				"$(DERIVED_FILE_DIR)/Pods-ResumeUploader-checkManifestLockResult.txt",
			);
			runOnlyForDeploymentPostprocessing = 0;
			shellPath = /bin/sh;
			shellScript = "diff \"${PODS_PODFILE_DIR_PATH}/Podfile.lock\" \"${PODS_ROOT}/Manifest.lock\" > /dev/null\nif [ $? != 0 ] ; then\n    # print error to STDERR\n    echo \"error: The sandbox is not in sync with the Podfile.lock. Run 'pod install' or update your CocoaPods installation.\" >&2\n    exit 1\nfi\n# This output is used by Xcode 'outputs' to avoid re-running this script phase.\necho \"SUCCESS\" > \"${SCRIPT_OUTPUT_FILE_0}\"\n";
			showEnvVarsInLog = 0;
		};
/* End PBXShellScriptBuildPhase section */

/* Begin PBXSourcesBuildPhase section */
		06B332F12605730200EDEB13 /* Sources */ = {
			isa = PBXSourcesBuildPhase;
			buildActionMask = 2147483647;
			files = (
				06B332FD2605730300EDEB13 /* ViewController.swift in Sources */,
				06B332F92605730300EDEB13 /* AppDelegate.swift in Sources */,
				06B332FB2605730300EDEB13 /* SceneDelegate.swift in Sources */,
				06B33334260574BE00EDEB13 /* SecondViewController.swift in Sources */,
				06B3332F260574AC00EDEB13 /* FirstViewController.swift in Sources */,
			);
			runOnlyForDeploymentPostprocessing = 0;
		};
		06B333072605730A00EDEB13 /* Sources */ = {
			isa = PBXSourcesBuildPhase;
			buildActionMask = 2147483647;
			files = (
				D791A2CB260798E7008D3C96 /* ResumeUploaderTests.swift in Sources */,
			);
			runOnlyForDeploymentPostprocessing = 0;
		};
		06B333122605730A00EDEB13 /* Sources */ = {
			isa = PBXSourcesBuildPhase;
			buildActionMask = 2147483647;
			files = (
				D791A2C5260798D6008D3C96 /* ResumeUploaderTests.swift in Sources */,
			);
			runOnlyForDeploymentPostprocessing = 0;
		};
/* End PBXSourcesBuildPhase section */

/* Begin PBXTargetDependency section */
		06B3330D2605730A00EDEB13 /* PBXTargetDependency */ = {
			isa = PBXTargetDependency;
			target = 06B332F42605730200EDEB13 /* ResumeUploader */;
			targetProxy = 06B3330C2605730A00EDEB13 /* PBXContainerItemProxy */;
		};
		06B333182605730A00EDEB13 /* PBXTargetDependency */ = {
			isa = PBXTargetDependency;
			target = 06B332F42605730200EDEB13 /* ResumeUploader */;
			targetProxy = 06B333172605730A00EDEB13 /* PBXContainerItemProxy */;
		};
/* End PBXTargetDependency section */

/* Begin PBXVariantGroup section */
		06B332FE2605730300EDEB13 /* Main.storyboard */ = {
			isa = PBXVariantGroup;
			children = (
				06B332FF2605730300EDEB13 /* Base */,
			);
			name = Main.storyboard;
			sourceTree = "<group>";
		};
		06B333032605730900EDEB13 /* LaunchScreen.storyboard */ = {
			isa = PBXVariantGroup;
			children = (
				06B333042605730900EDEB13 /* Base */,
			);
			name = LaunchScreen.storyboard;
			sourceTree = "<group>";
		};
/* End PBXVariantGroup section */

/* Begin XCBuildConfiguration section */
		06B3331D2605730A00EDEB13 /* Debug */ = {
			isa = XCBuildConfiguration;
			buildSettings = {
				ALWAYS_SEARCH_USER_PATHS = NO;
				CLANG_ANALYZER_NONNULL = YES;
				CLANG_ANALYZER_NUMBER_OBJECT_CONVERSION = YES_AGGRESSIVE;
				CLANG_CXX_LANGUAGE_STANDARD = "gnu++14";
				CLANG_CXX_LIBRARY = "libc++";
				CLANG_ENABLE_MODULES = YES;
				CLANG_ENABLE_OBJC_ARC = YES;
				CLANG_ENABLE_OBJC_WEAK = YES;
				CLANG_WARN_BLOCK_CAPTURE_AUTORELEASING = YES;
				CLANG_WARN_BOOL_CONVERSION = YES;
				CLANG_WARN_COMMA = YES;
				CLANG_WARN_CONSTANT_CONVERSION = YES;
				CLANG_WARN_DEPRECATED_OBJC_IMPLEMENTATIONS = YES;
				CLANG_WARN_DIRECT_OBJC_ISA_USAGE = YES_ERROR;
				CLANG_WARN_DOCUMENTATION_COMMENTS = YES;
				CLANG_WARN_EMPTY_BODY = YES;
				CLANG_WARN_ENUM_CONVERSION = YES;
				CLANG_WARN_INFINITE_RECURSION = YES;
				CLANG_WARN_INT_CONVERSION = YES;
				CLANG_WARN_NON_LITERAL_NULL_CONVERSION = YES;
				CLANG_WARN_OBJC_IMPLICIT_RETAIN_SELF = YES;
				CLANG_WARN_OBJC_LITERAL_CONVERSION = YES;
				CLANG_WARN_OBJC_ROOT_CLASS = YES_ERROR;
				CLANG_WARN_QUOTED_INCLUDE_IN_FRAMEWORK_HEADER = YES;
				CLANG_WARN_RANGE_LOOP_ANALYSIS = YES;
				CLANG_WARN_STRICT_PROTOTYPES = YES;
				CLANG_WARN_SUSPICIOUS_MOVE = YES;
				CLANG_WARN_UNGUARDED_AVAILABILITY = YES_AGGRESSIVE;
				CLANG_WARN_UNREACHABLE_CODE = YES;
				CLANG_WARN__DUPLICATE_METHOD_MATCH = YES;
				COPY_PHASE_STRIP = NO;
				DEBUG_INFORMATION_FORMAT = dwarf;
				ENABLE_STRICT_OBJC_MSGSEND = YES;
				ENABLE_TESTABILITY = YES;
				GCC_C_LANGUAGE_STANDARD = gnu11;
				GCC_DYNAMIC_NO_PIC = NO;
				GCC_NO_COMMON_BLOCKS = YES;
				GCC_OPTIMIZATION_LEVEL = 0;
				GCC_PREPROCESSOR_DEFINITIONS = (
					"DEBUG=1",
					"$(inherited)",
				);
				GCC_WARN_64_TO_32_BIT_CONVERSION = YES;
				GCC_WARN_ABOUT_RETURN_TYPE = YES_ERROR;
				GCC_WARN_UNDECLARED_SELECTOR = YES;
				GCC_WARN_UNINITIALIZED_AUTOS = YES_AGGRESSIVE;
				GCC_WARN_UNUSED_FUNCTION = YES;
				GCC_WARN_UNUSED_VARIABLE = YES;
				IPHONEOS_DEPLOYMENT_TARGET = 14.1;
				MTL_ENABLE_DEBUG_INFO = INCLUDE_SOURCE;
				MTL_FAST_MATH = YES;
				ONLY_ACTIVE_ARCH = YES;
				SDKROOT = iphoneos;
				SWIFT_ACTIVE_COMPILATION_CONDITIONS = DEBUG;
				SWIFT_OPTIMIZATION_LEVEL = "-Onone";
			};
			name = Debug;
		};
		06B3331E2605730A00EDEB13 /* Release */ = {
			isa = XCBuildConfiguration;
			buildSettings = {
				ALWAYS_SEARCH_USER_PATHS = NO;
				CLANG_ANALYZER_NONNULL = YES;
				CLANG_ANALYZER_NUMBER_OBJECT_CONVERSION = YES_AGGRESSIVE;
				CLANG_CXX_LANGUAGE_STANDARD = "gnu++14";
				CLANG_CXX_LIBRARY = "libc++";
				CLANG_ENABLE_MODULES = YES;
				CLANG_ENABLE_OBJC_ARC = YES;
				CLANG_ENABLE_OBJC_WEAK = YES;
				CLANG_WARN_BLOCK_CAPTURE_AUTORELEASING = YES;
				CLANG_WARN_BOOL_CONVERSION = YES;
				CLANG_WARN_COMMA = YES;
				CLANG_WARN_CONSTANT_CONVERSION = YES;
				CLANG_WARN_DEPRECATED_OBJC_IMPLEMENTATIONS = YES;
				CLANG_WARN_DIRECT_OBJC_ISA_USAGE = YES_ERROR;
				CLANG_WARN_DOCUMENTATION_COMMENTS = YES;
				CLANG_WARN_EMPTY_BODY = YES;
				CLANG_WARN_ENUM_CONVERSION = YES;
				CLANG_WARN_INFINITE_RECURSION = YES;
				CLANG_WARN_INT_CONVERSION = YES;
				CLANG_WARN_NON_LITERAL_NULL_CONVERSION = YES;
				CLANG_WARN_OBJC_IMPLICIT_RETAIN_SELF = YES;
				CLANG_WARN_OBJC_LITERAL_CONVERSION = YES;
				CLANG_WARN_OBJC_ROOT_CLASS = YES_ERROR;
				CLANG_WARN_QUOTED_INCLUDE_IN_FRAMEWORK_HEADER = YES;
				CLANG_WARN_RANGE_LOOP_ANALYSIS = YES;
				CLANG_WARN_STRICT_PROTOTYPES = YES;
				CLANG_WARN_SUSPICIOUS_MOVE = YES;
				CLANG_WARN_UNGUARDED_AVAILABILITY = YES_AGGRESSIVE;
				CLANG_WARN_UNREACHABLE_CODE = YES;
				CLANG_WARN__DUPLICATE_METHOD_MATCH = YES;
				COPY_PHASE_STRIP = NO;
				DEBUG_INFORMATION_FORMAT = "dwarf-with-dsym";
				ENABLE_NS_ASSERTIONS = NO;
				ENABLE_STRICT_OBJC_MSGSEND = YES;
				GCC_C_LANGUAGE_STANDARD = gnu11;
				GCC_NO_COMMON_BLOCKS = YES;
				GCC_WARN_64_TO_32_BIT_CONVERSION = YES;
				GCC_WARN_ABOUT_RETURN_TYPE = YES_ERROR;
				GCC_WARN_UNDECLARED_SELECTOR = YES;
				GCC_WARN_UNINITIALIZED_AUTOS = YES_AGGRESSIVE;
				GCC_WARN_UNUSED_FUNCTION = YES;
				GCC_WARN_UNUSED_VARIABLE = YES;
				IPHONEOS_DEPLOYMENT_TARGET = 14.1;
				MTL_ENABLE_DEBUG_INFO = NO;
				MTL_FAST_MATH = YES;
				SDKROOT = iphoneos;
				SWIFT_COMPILATION_MODE = wholemodule;
				SWIFT_OPTIMIZATION_LEVEL = "-O";
				VALIDATE_PRODUCT = YES;
			};
			name = Release;
		};
		06B333202605730A00EDEB13 /* Debug */ = {
			isa = XCBuildConfiguration;
			baseConfigurationReference = 4629DFE5F4A3E2276AAE972A /* Pods-ResumeUploader.debug.xcconfig */;
			buildSettings = {
				ASSETCATALOG_COMPILER_APPICON_NAME = AppIcon;
				ASSETCATALOG_COMPILER_GLOBAL_ACCENT_COLOR_NAME = AccentColor;
				CODE_SIGN_STYLE = Automatic;
				DEVELOPMENT_TEAM = RD2N7UQP83;
				INFOPLIST_FILE = ResumeUploader/Info.plist;
				LD_RUNPATH_SEARCH_PATHS = (
					"$(inherited)",
					"@executable_path/Frameworks",
				);
				PRODUCT_BUNDLE_IDENTIFIER = com.mario.resumeuploader;
				PRODUCT_NAME = "$(TARGET_NAME)";
				SWIFT_VERSION = 5.0;
				TARGETED_DEVICE_FAMILY = "1,2";
			};
			name = Debug;
		};
		06B333212605730A00EDEB13 /* Release */ = {
			isa = XCBuildConfiguration;
			baseConfigurationReference = 7EA07ABBF63403CF917A09C8 /* Pods-ResumeUploader.release.xcconfig */;
			buildSettings = {
				ASSETCATALOG_COMPILER_APPICON_NAME = AppIcon;
				ASSETCATALOG_COMPILER_GLOBAL_ACCENT_COLOR_NAME = AccentColor;
				CODE_SIGN_STYLE = Automatic;
				DEVELOPMENT_TEAM = RD2N7UQP83;
				INFOPLIST_FILE = ResumeUploader/Info.plist;
				LD_RUNPATH_SEARCH_PATHS = (
					"$(inherited)",
					"@executable_path/Frameworks",
				);
				PRODUCT_BUNDLE_IDENTIFIER = com.mario.resumeuploader;
				PRODUCT_NAME = "$(TARGET_NAME)";
				SWIFT_VERSION = 5.0;
				TARGETED_DEVICE_FAMILY = "1,2";
			};
			name = Release;
		};
		06B333232605730A00EDEB13 /* Debug */ = {
			isa = XCBuildConfiguration;
			baseConfigurationReference = 207004B125B8FB6BAB2F29C2 /* Pods-ResumeUploaderTests.debug.xcconfig */;
			buildSettings = {
				ALWAYS_EMBED_SWIFT_STANDARD_LIBRARIES = YES;
				BUNDLE_LOADER = "$(TEST_HOST)";
				CLANG_ENABLE_MODULES = YES;
				CODE_SIGN_STYLE = Automatic;
				DEVELOPMENT_TEAM = RD2N7UQP83;
				INFOPLIST_FILE = ResumeUploaderTests/Info.plist;
				IPHONEOS_DEPLOYMENT_TARGET = 14.4;
				LD_RUNPATH_SEARCH_PATHS = (
					"$(inherited)",
					"@executable_path/Frameworks",
					"@loader_path/Frameworks",
				);
				PRODUCT_BUNDLE_IDENTIFIER = com.ResumeUploaderTests;
				PRODUCT_NAME = "$(TARGET_NAME)";
				SWIFT_OBJC_BRIDGING_HEADER = "ResumeUploaderTests/ResumeUploaderTests-Bridging-Header.h";
				SWIFT_OPTIMIZATION_LEVEL = "-Onone";
				SWIFT_VERSION = 5.0;
				TARGETED_DEVICE_FAMILY = "1,2";
				TEST_HOST = "$(BUILT_PRODUCTS_DIR)/ResumeUploader.app/ResumeUploader";
			};
			name = Debug;
		};
		06B333242605730A00EDEB13 /* Release */ = {
			isa = XCBuildConfiguration;
			baseConfigurationReference = 5A9BDE1D4979EC068C59AF60 /* Pods-ResumeUploaderTests.release.xcconfig */;
			buildSettings = {
				ALWAYS_EMBED_SWIFT_STANDARD_LIBRARIES = YES;
				BUNDLE_LOADER = "$(TEST_HOST)";
				CLANG_ENABLE_MODULES = YES;
				CODE_SIGN_STYLE = Automatic;
				DEVELOPMENT_TEAM = RD2N7UQP83;
				INFOPLIST_FILE = ResumeUploaderTests/Info.plist;
				IPHONEOS_DEPLOYMENT_TARGET = 14.4;
				LD_RUNPATH_SEARCH_PATHS = (
					"$(inherited)",
					"@executable_path/Frameworks",
					"@loader_path/Frameworks",
				);
				PRODUCT_BUNDLE_IDENTIFIER = com.ResumeUploaderTests;
				PRODUCT_NAME = "$(TARGET_NAME)";
				SWIFT_OBJC_BRIDGING_HEADER = "ResumeUploaderTests/ResumeUploaderTests-Bridging-Header.h";
				SWIFT_VERSION = 5.0;
				TARGETED_DEVICE_FAMILY = "1,2";
				TEST_HOST = "$(BUILT_PRODUCTS_DIR)/ResumeUploader.app/ResumeUploader";
			};
			name = Release;
		};
		06B333262605730A00EDEB13 /* Debug */ = {
			isa = XCBuildConfiguration;
			baseConfigurationReference = B88B6AD95C593EE4A2B65708 /* Pods-ResumeUploader-ResumeUploaderUITests.debug.xcconfig */;
			buildSettings = {
				ALWAYS_EMBED_SWIFT_STANDARD_LIBRARIES = YES;
				CLANG_ENABLE_MODULES = YES;
				CODE_SIGN_STYLE = Automatic;
				DEVELOPMENT_TEAM = RD2N7UQP83;
				INFOPLIST_FILE = ResumeUploaderUITests/Info.plist;
				LD_RUNPATH_SEARCH_PATHS = (
					"$(inherited)",
					"@executable_path/Frameworks",
					"@loader_path/Frameworks",
				);
				PRODUCT_BUNDLE_IDENTIFIER = com.ResumeUploaderUITests;
				PRODUCT_NAME = "$(TARGET_NAME)";
				SWIFT_OPTIMIZATION_LEVEL = "-Onone";
				SWIFT_VERSION = 5.0;
				TARGETED_DEVICE_FAMILY = "1,2";
				TEST_TARGET_NAME = ResumeUploader;
			};
			name = Debug;
		};
		06B333272605730A00EDEB13 /* Release */ = {
			isa = XCBuildConfiguration;
			baseConfigurationReference = 2DB95885343D038BEFFE8851 /* Pods-ResumeUploader-ResumeUploaderUITests.release.xcconfig */;
			buildSettings = {
				ALWAYS_EMBED_SWIFT_STANDARD_LIBRARIES = YES;
				CLANG_ENABLE_MODULES = YES;
				CODE_SIGN_STYLE = Automatic;
				DEVELOPMENT_TEAM = RD2N7UQP83;
				INFOPLIST_FILE = ResumeUploaderUITests/Info.plist;
				LD_RUNPATH_SEARCH_PATHS = (
					"$(inherited)",
					"@executable_path/Frameworks",
					"@loader_path/Frameworks",
				);
				PRODUCT_BUNDLE_IDENTIFIER = com.ResumeUploaderUITests;
				PRODUCT_NAME = "$(TARGET_NAME)";
				SWIFT_VERSION = 5.0;
				TARGETED_DEVICE_FAMILY = "1,2";
				TEST_TARGET_NAME = ResumeUploader;
			};
			name = Release;
		};
/* End XCBuildConfiguration section */

/* Begin XCConfigurationList section */
		06B332F02605730200EDEB13 /* Build configuration list for PBXProject "ResumeUploader" */ = {
			isa = XCConfigurationList;
			buildConfigurations = (
				06B3331D2605730A00EDEB13 /* Debug */,
				06B3331E2605730A00EDEB13 /* Release */,
			);
			defaultConfigurationIsVisible = 0;
			defaultConfigurationName = Release;
		};
		06B3331F2605730A00EDEB13 /* Build configuration list for PBXNativeTarget "ResumeUploader" */ = {
			isa = XCConfigurationList;
			buildConfigurations = (
				06B333202605730A00EDEB13 /* Debug */,
				06B333212605730A00EDEB13 /* Release */,
			);
			defaultConfigurationIsVisible = 0;
			defaultConfigurationName = Release;
		};
		06B333222605730A00EDEB13 /* Build configuration list for PBXNativeTarget "ResumeUploaderTests" */ = {
			isa = XCConfigurationList;
			buildConfigurations = (
				06B333232605730A00EDEB13 /* Debug */,
				06B333242605730A00EDEB13 /* Release */,
			);
			defaultConfigurationIsVisible = 0;
			defaultConfigurationName = Release;
		};
		06B333252605730A00EDEB13 /* Build configuration list for PBXNativeTarget "ResumeUploaderUITests" */ = {
			isa = XCConfigurationList;
			buildConfigurations = (
				06B333262605730A00EDEB13 /* Debug */,
				06B333272605730A00EDEB13 /* Release */,
			);
			defaultConfigurationIsVisible = 0;
			defaultConfigurationName = Release;
		};
/* End XCConfigurationList section */
	};
	rootObject = 06B332ED2605730200EDEB13 /* Project object */;
}
